
Microsoft Visual Studio Solution File, Format Version 12.00
# Visual Studio Version 16
VisualStudioVersion = 16.0.31729.503
MinimumVisualStudioVersion = 10.0.40219.1
Project("{FAE04EC0-301F-11D3-BF4B-00C04F79EFBC}") = "Core.Lib.CoreDynamoDbRepository", "Core.Lib.CoreDynamoDbRepository\Core.Lib.CoreDynamoDbRepository.csproj", "{8F0E7882-7A54-4E03-99F6-9AFF1EC16A22}"
EndProject
Global
	GlobalSection(SolutionConfigurationPlatforms) = preSolution
		Debug|Any CPU = Debug|Any CPU
		Release|Any CPU = Release|Any CPU
	EndGlobalSection
	GlobalSection(ProjectConfigurationPlatforms) = postSolution
		{8F0E7882-7A54-4E03-99F6-9AFF1EC16A22}.Debug|Any CPU.ActiveCfg = Debug|Any CPU
		{8F0E7882-7A54-4E03-99F6-9AFF1EC16A22}.Debug|Any CPU.Build.0 = Debug|Any CPU
		{8F0E7882-7A54-4E03-99F6-9AFF1EC16A22}.Release|Any CPU.ActiveCfg = Release|Any CPU
		{8F0E7882-7A54-4E03-99F6-9AFF1EC16A22}.Release|Any CPU.Build.0 = Release|Any CPU
	EndGlobalSection
	GlobalSection(SolutionProperties) = preSolution
		HideSolutionNode = FALSE
	EndGlobalSection
	GlobalSection(ExtensibilityGlobals) = postSolution
		SolutionGuid = {09D5D44B-5185-40F7-A360-B6E8BBDD4E62}
	EndGlobalSection
EndGlobal
